// !$*UTF8*$!
{
	archiveVersion = 1;
	classes = {
	};
	objectVersion = 46;
	objects = {

/* Begin PBXBuildFile section */
		575545021B8E52D300FA077C /* AppDelegate.swift in Sources */ = {isa = PBXBuildFile; fileRef = 575545011B8E52D300FA077C /* AppDelegate.swift */; };
		575545071B8E52D300FA077C /* Main.storyboard in Resources */ = {isa = PBXBuildFile; fileRef = 575545051B8E52D300FA077C /* Main.storyboard */; };
		575545091B8E52D300FA077C /* Images.xcassets in Resources */ = {isa = PBXBuildFile; fileRef = 575545081B8E52D300FA077C /* Images.xcassets */; };
		5755450C1B8E52D300FA077C /* LaunchScreen.xib in Resources */ = {isa = PBXBuildFile; fileRef = 5755450A1B8E52D300FA077C /* LaunchScreen.xib */; };
		575545181B8E52D300FA077C /* Rotten_TomatoesTests.swift in Sources */ = {isa = PBXBuildFile; fileRef = 575545171B8E52D300FA077C /* Rotten_TomatoesTests.swift */; };
		575545231B8E530A00FA077C /* MoviesViewController.swift in Sources */ = {isa = PBXBuildFile; fileRef = 575545221B8E530A00FA077C /* MoviesViewController.swift */; };
		575545281B8E57D800FA077C /* MovieCell.swift in Sources */ = {isa = PBXBuildFile; fileRef = 575545271B8E57D800FA077C /* MovieCell.swift */; };
		57BB64EA1B8E672A00EC9C85 /* MovieDetailViewController.swift in Sources */ = {isa = PBXBuildFile; fileRef = 57BB64E91B8E672A00EC9C85 /* MovieDetailViewController.swift */; };
		846D0B8CC9F9B3FBA81BF3C2 /* libPods-Rotten Tomatoes.a in Frameworks */ = {isa = PBXBuildFile; fileRef = EDF991231B032CA3E8949D26 /* libPods-Rotten Tomatoes.a */; };
/* End PBXBuildFile section */

/* Begin PBXContainerItemProxy section */
		575545121B8E52D300FA077C /* PBXContainerItemProxy */ = {
			isa = PBXContainerItemProxy;
			containerPortal = 575544F41B8E52D300FA077C /* Project object */;
			proxyType = 1;
			remoteGlobalIDString = 575544FB1B8E52D300FA077C;
			remoteInfo = "Rotten Tomatoes";
		};
/* End PBXContainerItemProxy section */

/* Begin PBXFileReference section */
		575544FC1B8E52D300FA077C /* Rotten Tomatoes.app */ = {isa = PBXFileReference; explicitFileType = wrapper.application; includeInIndex = 0; path = "Rotten Tomatoes.app"; sourceTree = BUILT_PRODUCTS_DIR; };
		575545001B8E52D300FA077C /* Info.plist */ = {isa = PBXFileReference; lastKnownFileType = text.plist.xml; path = Info.plist; sourceTree = "<group>"; };
		575545011B8E52D300FA077C /* AppDelegate.swift */ = {isa = PBXFileReference; lastKnownFileType = sourcecode.swift; path = AppDelegate.swift; sourceTree = "<group>"; };
		575545061B8E52D300FA077C /* Base */ = {isa = PBXFileReference; lastKnownFileType = file.storyboard; name = Base; path = Base.lproj/Main.storyboard; sourceTree = "<group>"; };
		575545081B8E52D300FA077C /* Images.xcassets */ = {isa = PBXFileReference; lastKnownFileType = folder.assetcatalog; path = Images.xcassets; sourceTree = "<group>"; };
		5755450B1B8E52D300FA077C /* Base */ = {isa = PBXFileReference; lastKnownFileType = file.xib; name = Base; path = Base.lproj/LaunchScreen.xib; sourceTree = "<group>"; };
		575545111B8E52D300FA077C /* Rotten TomatoesTests.xctest */ = {isa = PBXFileReference; explicitFileType = wrapper.cfbundle; includeInIndex = 0; path = "Rotten TomatoesTests.xctest"; sourceTree = BUILT_PRODUCTS_DIR; };
		575545161B8E52D300FA077C /* Info.plist */ = {isa = PBXFileReference; lastKnownFileType = text.plist.xml; path = Info.plist; sourceTree = "<group>"; };
		575545171B8E52D300FA077C /* Rotten_TomatoesTests.swift */ = {isa = PBXFileReference; lastKnownFileType = sourcecode.swift; path = Rotten_TomatoesTests.swift; sourceTree = "<group>"; };
		575545221B8E530A00FA077C /* MoviesViewController.swift */ = {isa = PBXFileReference; fileEncoding = 4; lastKnownFileType = sourcecode.swift; path = MoviesViewController.swift; sourceTree = "<group>"; };
		575545271B8E57D800FA077C /* MovieCell.swift */ = {isa = PBXFileReference; fileEncoding = 4; lastKnownFileType = sourcecode.swift; path = MovieCell.swift; sourceTree = "<group>"; };
		57BB64E41B8E62E300EC9C85 /* Rotten Tomatoes-Bridging-Header.h */ = {isa = PBXFileReference; lastKnownFileType = sourcecode.c.h; path = "Rotten Tomatoes-Bridging-Header.h"; sourceTree = "<group>"; };
		57BB64E91B8E672A00EC9C85 /* MovieDetailViewController.swift */ = {isa = PBXFileReference; fileEncoding = 4; lastKnownFileType = sourcecode.swift; path = MovieDetailViewController.swift; sourceTree = "<group>"; };
		75C91969CDE0A590E13AD274 /* Pods-Rotten Tomatoes.release.xcconfig */ = {isa = PBXFileReference; includeInIndex = 1; lastKnownFileType = text.xcconfig; name = "Pods-Rotten Tomatoes.release.xcconfig"; path = "Pods/Target Support Files/Pods-Rotten Tomatoes/Pods-Rotten Tomatoes.release.xcconfig"; sourceTree = "<group>"; };
		8088685D8C4CD56519757A16 /* Pods-Rotten Tomatoes.debug.xcconfig */ = {isa = PBXFileReference; includeInIndex = 1; lastKnownFileType = text.xcconfig; name = "Pods-Rotten Tomatoes.debug.xcconfig"; path = "Pods/Target Support Files/Pods-Rotten Tomatoes/Pods-Rotten Tomatoes.debug.xcconfig"; sourceTree = "<group>"; };
		EDF991231B032CA3E8949D26 /* libPods-Rotten Tomatoes.a */ = {isa = PBXFileReference; explicitFileType = archive.ar; includeInIndex = 0; path = "libPods-Rotten Tomatoes.a"; sourceTree = BUILT_PRODUCTS_DIR; };
/* End PBXFileReference section */

/* Begin PBXFrameworksBuildPhase section */
		575544F91B8E52D300FA077C /* Frameworks */ = {
			isa = PBXFrameworksBuildPhase;
			buildActionMask = 2147483647;
			files = (
				846D0B8CC9F9B3FBA81BF3C2 /* libPods-Rotten Tomatoes.a in Frameworks */,
			);
			runOnlyForDeploymentPostprocessing = 0;
		};
		5755450E1B8E52D300FA077C /* Frameworks */ = {
			isa = PBXFrameworksBuildPhase;
			buildActionMask = 2147483647;
			files = (
			);
			runOnlyForDeploymentPostprocessing = 0;
		};
/* End PBXFrameworksBuildPhase section */

/* Begin PBXGroup section */
		3881F33D429230E0AE5A28DB /* Frameworks */ = {
			isa = PBXGroup;
			children = (
				EDF991231B032CA3E8949D26 /* libPods-Rotten Tomatoes.a */,
			);
			name = Frameworks;
			sourceTree = "<group>";
		};
		575544F31B8E52D300FA077C = {
			isa = PBXGroup;
			children = (
				575544FE1B8E52D300FA077C /* Rotten Tomatoes */,
				575545141B8E52D300FA077C /* Rotten TomatoesTests */,
				575544FD1B8E52D300FA077C /* Products */,
				8D41091E6833B1868E2AA898 /* Pods */,
				3881F33D429230E0AE5A28DB /* Frameworks */,
			);
			sourceTree = "<group>";
		};
		575544FD1B8E52D300FA077C /* Products */ = {
			isa = PBXGroup;
			children = (
				575544FC1B8E52D300FA077C /* Rotten Tomatoes.app */,
				575545111B8E52D300FA077C /* Rotten TomatoesTests.xctest */,
			);
			name = Products;
			sourceTree = "<group>";
		};
		575544FE1B8E52D300FA077C /* Rotten Tomatoes */ = {
			isa = PBXGroup;
			children = (
				575545241B8E574600FA077C /* Views */,
				575545211B8E52E900FA077C /* View Controller */,
				575545011B8E52D300FA077C /* AppDelegate.swift */,
				575545051B8E52D300FA077C /* Main.storyboard */,
				575545081B8E52D300FA077C /* Images.xcassets */,
				5755450A1B8E52D300FA077C /* LaunchScreen.xib */,
				575544FF1B8E52D300FA077C /* Supporting Files */,
				57BB64E41B8E62E300EC9C85 /* Rotten Tomatoes-Bridging-Header.h */,
			);
			path = "Rotten Tomatoes";
			sourceTree = "<group>";
		};
		575544FF1B8E52D300FA077C /* Supporting Files */ = {
			isa = PBXGroup;
			children = (
				575545001B8E52D300FA077C /* Info.plist */,
			);
			name = "Supporting Files";
			sourceTree = "<group>";
		};
		575545141B8E52D300FA077C /* Rotten TomatoesTests */ = {
			isa = PBXGroup;
			children = (
				575545171B8E52D300FA077C /* Rotten_TomatoesTests.swift */,
				575545151B8E52D300FA077C /* Supporting Files */,
			);
			path = "Rotten TomatoesTests";
			sourceTree = "<group>";
		};
		575545151B8E52D300FA077C /* Supporting Files */ = {
			isa = PBXGroup;
			children = (
				575545161B8E52D300FA077C /* Info.plist */,
			);
			name = "Supporting Files";
			sourceTree = "<group>";
		};
		575545211B8E52E900FA077C /* View Controller */ = {
			isa = PBXGroup;
			children = (
				575545221B8E530A00FA077C /* MoviesViewController.swift */,
				57BB64E91B8E672A00EC9C85 /* MovieDetailViewController.swift */,
			);
			name = "View Controller";
			sourceTree = "<group>";
		};
		575545241B8E574600FA077C /* Views */ = {
			isa = PBXGroup;
			children = (
				575545271B8E57D800FA077C /* MovieCell.swift */,
			);
			name = Views;
			sourceTree = "<group>";
		};
		8D41091E6833B1868E2AA898 /* Pods */ = {
			isa = PBXGroup;
			children = (
				8088685D8C4CD56519757A16 /* Pods-Rotten Tomatoes.debug.xcconfig */,
				75C91969CDE0A590E13AD274 /* Pods-Rotten Tomatoes.release.xcconfig */,
			);
			name = Pods;
			sourceTree = "<group>";
		};
/* End PBXGroup section */

/* Begin PBXNativeTarget section */
		575544FB1B8E52D300FA077C /* Rotten Tomatoes */ = {
			isa = PBXNativeTarget;
			buildConfigurationList = 5755451B1B8E52D300FA077C /* Build configuration list for PBXNativeTarget "Rotten Tomatoes" */;
			buildPhases = (
				1B90A25A52DF8DA7179CA3F7 /* Check Pods Manifest.lock */,
				575544F81B8E52D300FA077C /* Sources */,
				575544F91B8E52D300FA077C /* Frameworks */,
				575544FA1B8E52D300FA077C /* Resources */,
				03E865F4C45756953C5DC575 /* Copy Pods Resources */,
			);
			buildRules = (
			);
			dependencies = (
			);
			name = "Rotten Tomatoes";
			productName = "Rotten Tomatoes";
			productReference = 575544FC1B8E52D300FA077C /* Rotten Tomatoes.app */;
			productType = "com.apple.product-type.application";
		};
		575545101B8E52D300FA077C /* Rotten TomatoesTests */ = {
			isa = PBXNativeTarget;
			buildConfigurationList = 5755451E1B8E52D300FA077C /* Build configuration list for PBXNativeTarget "Rotten TomatoesTests" */;
			buildPhases = (
				5755450D1B8E52D300FA077C /* Sources */,
				5755450E1B8E52D300FA077C /* Frameworks */,
				5755450F1B8E52D300FA077C /* Resources */,
			);
			buildRules = (
			);
			dependencies = (
				575545131B8E52D300FA077C /* PBXTargetDependency */,
			);
			name = "Rotten TomatoesTests";
			productName = "Rotten TomatoesTests";
			productReference = 575545111B8E52D300FA077C /* Rotten TomatoesTests.xctest */;
			productType = "com.apple.product-type.bundle.unit-test";
		};
/* End PBXNativeTarget section */

/* Begin PBXProject section */
		575544F41B8E52D300FA077C /* Project object */ = {
			isa = PBXProject;
			attributes = {
				LastUpgradeCheck = 0640;
				ORGANIZATIONNAME = "Hien VH";
				TargetAttributes = {
					575544FB1B8E52D300FA077C = {
						CreatedOnToolsVersion = 6.4;
					};
					575545101B8E52D300FA077C = {
						CreatedOnToolsVersion = 6.4;
						TestTargetID = 575544FB1B8E52D300FA077C;
					};
				};
			};
			buildConfigurationList = 575544F71B8E52D300FA077C /* Build configuration list for PBXProject "Rotten Tomatoes" */;
			compatibilityVersion = "Xcode 3.2";
			developmentRegion = English;
			hasScannedForEncodings = 0;
			knownRegions = (
				en,
				Base,
			);
			mainGroup = 575544F31B8E52D300FA077C;
			productRefGroup = 575544FD1B8E52D300FA077C /* Products */;
			projectDirPath = "";
			projectRoot = "";
			targets = (
				575544FB1B8E52D300FA077C /* Rotten Tomatoes */,
				575545101B8E52D300FA077C /* Rotten TomatoesTests */,
			);
		};
/* End PBXProject section */

/* Begin PBXResourcesBuildPhase section */
		575544FA1B8E52D300FA077C /* Resources */ = {
			isa = PBXResourcesBuildPhase;
			buildActionMask = 2147483647;
			files = (
				575545071B8E52D300FA077C /* Main.storyboard in Resources */,
				5755450C1B8E52D300FA077C /* LaunchScreen.xib in Resources */,
				575545091B8E52D300FA077C /* Images.xcassets in Resources */,
			);
			runOnlyForDeploymentPostprocessing = 0;
		};
		5755450F1B8E52D300FA077C /* Resources */ = {
			isa = PBXResourcesBuildPhase;
			buildActionMask = 2147483647;
			files = (
			);
			runOnlyForDeploymentPostprocessing = 0;
		};
/* End PBXResourcesBuildPhase section */

/* Begin PBXShellScriptBuildPhase section */
		03E865F4C45756953C5DC575 /* Copy Pods Resources */ = {
			isa = PBXShellScriptBuildPhase;
			buildActionMask = 2147483647;
			files = (
			);
			inputPaths = (
			);
			name = "Copy Pods Resources";
			outputPaths = (
			);
			runOnlyForDeploymentPostprocessing = 0;
			shellPath = /bin/sh;
			shellScript = "\"${SRCROOT}/Pods/Target Support Files/Pods-Rotten Tomatoes/Pods-Rotten Tomatoes-resources.sh\"\n";
			showEnvVarsInLog = 0;
		};
		1B90A25A52DF8DA7179CA3F7 /* Check Pods Manifest.lock */ = {
			isa = PBXShellScriptBuildPhase;
			buildActionMask = 2147483647;
			files = (
			);
			inputPaths = (
			);
			name = "Check Pods Manifest.lock";
			outputPaths = (
			);
			runOnlyForDeploymentPostprocessing = 0;
			shellPath = /bin/sh;
			shellScript = "diff \"${PODS_ROOT}/../Podfile.lock\" \"${PODS_ROOT}/Manifest.lock\" > /dev/null\nif [[ $? != 0 ]] ; then\n    cat << EOM\nerror: The sandbox is not in sync with the Podfile.lock. Run 'pod install' or update your CocoaPods installation.\nEOM\n    exit 1\nfi\n";
			showEnvVarsInLog = 0;
		};
/* End PBXShellScriptBuildPhase section */

/* Begin PBXSourcesBuildPhase section */
		575544F81B8E52D300FA077C /* Sources */ = {
			isa = PBXSourcesBuildPhase;
			buildActionMask = 2147483647;
			files = (
				57BB64EA1B8E672A00EC9C85 /* MovieDetailViewController.swift in Sources */,
				575545021B8E52D300FA077C /* AppDelegate.swift in Sources */,
				575545231B8E530A00FA077C /* MoviesViewController.swift in Sources */,
				575545281B8E57D800FA077C /* MovieCell.swift in Sources */,
			);
			runOnlyForDeploymentPostprocessing = 0;
		};
		5755450D1B8E52D300FA077C /* Sources */ = {
			isa = PBXSourcesBuildPhase;
			buildActionMask = 2147483647;
			files = (
				575545181B8E52D300FA077C /* Rotten_TomatoesTests.swift in Sources */,
			);
			runOnlyForDeploymentPostprocessing = 0;
		};
/* End PBXSourcesBuildPhase section */

/* Begin PBXTargetDependency section */
		575545131B8E52D300FA077C /* PBXTargetDependency */ = {
			isa = PBXTargetDependency;
			target = 575544FB1B8E52D300FA077C /* Rotten Tomatoes */;
			targetProxy = 575545121B8E52D300FA077C /* PBXContainerItemProxy */;
		};
/* End PBXTargetDependency section */

/* Begin PBXVariantGroup section */
		575545051B8E52D300FA077C /* Main.storyboard */ = {
			isa = PBXVariantGroup;
			children = (
				575545061B8E52D300FA077C /* Base */,
			);
			name = Main.storyboard;
			sourceTree = "<group>";
		};
		5755450A1B8E52D300FA077C /* LaunchScreen.xib */ = {
			isa = PBXVariantGroup;
			children = (
				5755450B1B8E52D300FA077C /* Base */,
			);
			name = LaunchScreen.xib;
			sourceTree = "<group>";
		};
/* End PBXVariantGroup section */

/* Begin XCBuildConfiguration section */
		575545191B8E52D300FA077C /* Debug */ = {
			isa = XCBuildConfiguration;
			buildSettings = {
				ALWAYS_SEARCH_USER_PATHS = NO;
				CLANG_CXX_LANGUAGE_STANDARD = "gnu++0x";
				CLANG_CXX_LIBRARY = "libc++";
				CLANG_ENABLE_MODULES = YES;
				CLANG_ENABLE_OBJC_ARC = YES;
				CLANG_WARN_BOOL_CONVERSION = YES;
				CLANG_WARN_CONSTANT_CONVERSION = YES;
				CLANG_WARN_DIRECT_OBJC_ISA_USAGE = YES_ERROR;
				CLANG_WARN_EMPTY_BODY = YES;
				CLANG_WARN_ENUM_CONVERSION = YES;
				CLANG_WARN_INT_CONVERSION = YES;
				CLANG_WARN_OBJC_ROOT_CLASS = YES_ERROR;
				CLANG_WARN_UNREACHABLE_CODE = YES;
				CLANG_WARN__DUPLICATE_METHOD_MATCH = YES;
				"CODE_SIGN_IDENTITY[sdk=iphoneos*]" = "iPhone Developer";
				COPY_PHASE_STRIP = NO;
				DEBUG_INFORMATION_FORMAT = "dwarf-with-dsym";
				ENABLE_STRICT_OBJC_MSGSEND = YES;
				GCC_C_LANGUAGE_STANDARD = gnu99;
				GCC_DYNAMIC_NO_PIC = NO;
				GCC_NO_COMMON_BLOCKS = YES;
				GCC_OPTIMIZATION_LEVEL = 0;
				GCC_PREPROCESSOR_DEFINITIONS = (
					"DEBUG=1",
					"$(inherited)",
				);
				GCC_SYMBOLS_PRIVATE_EXTERN = NO;
				GCC_WARN_64_TO_32_BIT_CONVERSION = YES;
				GCC_WARN_ABOUT_RETURN_TYPE = YES_ERROR;
				GCC_WARN_UNDECLARED_SELECTOR = YES;
				GCC_WARN_UNINITIALIZED_AUTOS = YES_AGGRESSIVE;
				GCC_WARN_UNUSED_FUNCTION = YES;
				GCC_WARN_UNUSED_VARIABLE = YES;
				IPHONEOS_DEPLOYMENT_TARGET = 8.4;
				MTL_ENABLE_DEBUG_INFO = YES;
				ONLY_ACTIVE_ARCH = YES;
				SDKROOT = iphoneos;
				SWIFT_OPTIMIZATION_LEVEL = "-Onone";
			};
			name = Debug;
		};
		5755451A1B8E52D300FA077C /* Release */ = {
			isa = XCBuildConfiguration;
			buildSettings = {
				ALWAYS_SEARCH_USER_PATHS = NO;
				CLANG_CXX_LANGUAGE_STANDARD = "gnu++0x";
				CLANG_CXX_LIBRARY = "libc++";
				CLANG_ENABLE_MODULES = YES;
				CLANG_ENABLE_OBJC_ARC = YES;
				CLANG_WARN_BOOL_CONVERSION = YES;
				CLANG_WARN_CONSTANT_CONVERSION = YES;
				CLANG_WARN_DIRECT_OBJC_ISA_USAGE = YES_ERROR;
				CLANG_WARN_EMPTY_BODY = YES;
				CLANG_WARN_ENUM_CONVERSION = YES;
				CLANG_WARN_INT_CONVERSION = YES;
				CLANG_WARN_OBJC_ROOT_CLASS = YES_ERROR;
				CLANG_WARN_UNREACHABLE_CODE = YES;
				CLANG_WARN__DUPLICATE_METHOD_MATCH = YES;
				"CODE_SIGN_IDENTITY[sdk=iphoneos*]" = "iPhone Developer";
				COPY_PHASE_STRIP = NO;
				DEBUG_INFORMATION_FORMAT = "dwarf-with-dsym";
				ENABLE_NS_ASSERTIONS = NO;
				ENABLE_STRICT_OBJC_MSGSEND = YES;
				GCC_C_LANGUAGE_STANDARD = gnu99;
				GCC_NO_COMMON_BLOCKS = YES;
				GCC_WARN_64_TO_32_BIT_CONVERSION = YES;
				GCC_WARN_ABOUT_RETURN_TYPE = YES_ERROR;
				GCC_WARN_UNDECLARED_SELECTOR = YES;
				GCC_WARN_UNINITIALIZED_AUTOS = YES_AGGRESSIVE;
				GCC_WARN_UNUSED_FUNCTION = YES;
				GCC_WARN_UNUSED_VARIABLE = YES;
				IPHONEOS_DEPLOYMENT_TARGET = 8.4;
				MTL_ENABLE_DEBUG_INFO = NO;
				SDKROOT = iphoneos;
				VALIDATE_PRODUCT = YES;
			};
			name = Release;
		};
		5755451C1B8E52D300FA077C /* Debug */ = {
			isa = XCBuildConfiguration;
			baseConfigurationReference = 8088685D8C4CD56519757A16 /* Pods-Rotten Tomatoes.debug.xcconfig */;
			buildSettings = {
				ASSETCATALOG_COMPILER_APPICON_NAME = AppIcon;
				CLANG_ENABLE_MODULES = YES;
				INFOPLIST_FILE = "Rotten Tomatoes/Info.plist";
				IPHONEOS_DEPLOYMENT_TARGET = 7.0;
				LD_RUNPATH_SEARCH_PATHS = "$(inherited) @executable_path/Frameworks";
				PRODUCT_NAME = "$(TARGET_NAME)";
				SWIFT_OBJC_BRIDGING_HEADER = "Rotten Tomatoes/Rotten Tomatoes-Bridging-Header.h";
				SWIFT_OPTIMIZATION_LEVEL = "-Onone";
			};
			name = Debug;
		};
		5755451D1B8E52D300FA077C /* Release */ = {
			isa = XCBuildConfiguration;
			baseConfigurationReference = 75C91969CDE0A590E13AD274 /* Pods-Rotten Tomatoes.release.xcconfig */;
			buildSettings = {
				ASSETCATALOG_COMPILER_APPICON_NAME = AppIcon;
				CLANG_ENABLE_MODULES = YES;
				INFOPLIST_FILE = "Rotten Tomatoes/Info.plist";
				IPHONEOS_DEPLOYMENT_TARGET = 7.0;
				LD_RUNPATH_SEARCH_PATHS = "$(inherited) @executable_path/Frameworks";
				PRODUCT_NAME = "$(TARGET_NAME)";
				SWIFT_OBJC_BRIDGING_HEADER = "Rotten Tomatoes/Rotten Tomatoes-Bridging-Header.h";
			};
			name = Release;
		};
		5755451F1B8E52D300FA077C /* Debug */ = {
			isa = XCBuildConfiguration;
			buildSettings = {
				BUNDLE_LOADER = "$(TEST_HOST)";
				FRAMEWORK_SEARCH_PATHS = (
					"$(SDKROOT)/Developer/Library/Frameworks",
					"$(inherited)",
				);
				GCC_PREPROCESSOR_DEFINITIONS = (
					"DEBUG=1",
					"$(inherited)",
				);
				INFOPLIST_FILE = "Rotten TomatoesTests/Info.plist";
				LD_RUNPATH_SEARCH_PATHS = "$(inherited) @executable_path/Frameworks @loader_path/Frameworks";
				PRODUCT_NAME = "$(TARGET_NAME)";
				TEST_HOST = "$(BUILT_PRODUCTS_DIR)/Rotten Tomatoes.app/Rotten Tomatoes";
			};
			name = Debug;
		};
		575545201B8E52D300FA077C /* Release */ = {
			isa = XCBuildConfiguration;
			buildSettings = {
				BUNDLE_LOADER = "$(TEST_HOST)";
				FRAMEWORK_SEARCH_PATHS = (
					"$(SDKROOT)/Developer/Library/Frameworks",
					"$(inherited)",
				);
				INFOPLIST_FILE = "Rotten TomatoesTests/Info.plist";
				LD_RUNPATH_SEARCH_PATHS = "$(inherited) @executable_path/Frameworks @loader_path/Frameworks";
				PRODUCT_NAME = "$(TARGET_NAME)";
				TEST_HOST = "$(BUILT_PRODUCTS_DIR)/Rotten Tomatoes.app/Rotten Tomatoes";
			};
			name = Release;
		};
/* End XCBuildConfiguration section */

/* Begin XCConfigurationList section */
		575544F71B8E52D300FA077C /* Build configuration list for PBXProject "Rotten Tomatoes" */ = {
			isa = XCConfigurationList;
			buildConfigurations = (
				575545191B8E52D300FA077C /* Debug */,
				5755451A1B8E52D300FA077C /* Release */,
			);
			defaultConfigurationIsVisible = 0;
			defaultConfigurationName = Release;
		};
		5755451B1B8E52D300FA077C /* Build configuration list for PBXNativeTarget "Rotten Tomatoes" */ = {
			isa = XCConfigurationList;
			buildConfigurations = (
				5755451C1B8E52D300FA077C /* Debug */,
				5755451D1B8E52D300FA077C /* Release */,
			);
			defaultConfigurationIsVisible = 0;
			defaultConfigurationName = Release;
		};
		5755451E1B8E52D300FA077C /* Build configuration list for PBXNativeTarget "Rotten TomatoesTests" */ = {
			isa = XCConfigurationList;
			buildConfigurations = (
				5755451F1B8E52D300FA077C /* Debug */,
				575545201B8E52D300FA077C /* Release */,
			);
			defaultConfigurationIsVisible = 0;
			defaultConfigurationName = Release;
		};
/* End XCConfigurationList section */
	};
	rootObject = 575544F41B8E52D300FA077C /* Project object */;
}
